
Microsoft Visual Studio Solution File, Format Version 12.00
# Visual Studio 15
VisualStudioVersion = 15.0.28124.53
MinimumVisualStudioVersion = 10.0.40219.1
Project("{2150E333-8FDC-42A3-9474-1A3956D46DE8}") = "Week1", "Week1", "{006400C8-EEF7-40BF-93F9-FF41DDE982BC}"
EndProject
Project("{9A19103F-16F7-4668-BE54-9A1E7A4F7556}") = "HiProgram", "HiProgram\HiProgram.csproj", "{F4BBD17C-8B4A-4759-ADC9-FCD97856F929}"
EndProject
Project("{9A19103F-16F7-4668-BE54-9A1E7A4F7556}") = "AgeAfter10Years", "AgeAfter10Years\AgeAfter10Years.csproj", "{5BEFFE5C-680C-4674-9E57-C74E848576FE}"
EndProject
Project("{9A19103F-16F7-4668-BE54-9A1E7A4F7556}") = "MyUniqueNumber", "MyUniqueNumber\MyUniqueNumber.csproj", "{96732B92-6A15-472D-896C-F95225C53838}"
EndProject
Project("{2150E333-8FDC-42A3-9474-1A3956D46DE8}") = "Week2", "Week2", "{6AB84B9A-40BD-40D6-9133-61D5D5446771}"
EndProject
Project("{9A19103F-16F7-4668-BE54-9A1E7A4F7556}") = "Find4thDigitInNumber", "Find4thDigitInNumber\Find4thDigitInNumber.csproj", "{153AF265-5639-4460-B4A8-97F52B93336E}"
EndProject
Project("{9A19103F-16F7-4668-BE54-9A1E7A4F7556}") = "TravelingToTheSunWithSoundSpeed", "TravelingToTheSunWithSoundSpeed\TravelingToTheSunWithSoundSpeed.csproj", "{4BF6FD5F-14CA-442A-B241-0EC826FB9192}"
EndProject
Project("{9A19103F-16F7-4668-BE54-9A1E7A4F7556}") = "CalculateWeightInTheSolarSystem", "CalculateWeightInTheSolarSystem\CalculateWeightInTheSolarSystem.csproj", "{E832FCC8-CCE5-415E-B6A7-E34DF50EFEE3}"
EndProject
Project("{9A19103F-16F7-4668-BE54-9A1E7A4F7556}") = "DecartCoordinates", "DecartCoordinates\DecartCoordinates.csproj", "{98873290-ACA2-4DE2-8D48-FCF2E9C5F4FD}"
EndProject
Project("{2150E333-8FDC-42A3-9474-1A3956D46DE8}") = "Week3", "Week3", "{5E4E110A-9A1D-4AAF-94EA-6531E859E967}"
EndProject
Project("{9A19103F-16F7-4668-BE54-9A1E7A4F7556}") = "BusTicketLuckyNumbers", "BusTicketLuckyNumbers\BusTicketLuckyNumbers.csproj", "{7E23CABD-CF6B-48BA-9B2C-8158652FE308}"
EndProject
Project("{9A19103F-16F7-4668-BE54-9A1E7A4F7556}") = "MiserPiggy", "MiserPiggy\MiserPiggy.csproj", "{E722626B-0221-4D74-A3D7-48B502E8E69E}"
EndProject
Project("{9A19103F-16F7-4668-BE54-9A1E7A4F7556}") = "SimpleDeckOfCards", "SimpleDeckOfCards\SimpleDeckOfCards.csproj", "{BB57F37B-6B33-42D4-9FAD-6B39A934C446}"
EndProject
Project("{2150E333-8FDC-42A3-9474-1A3956D46DE8}") = "Week4", "Week4", "{5ED4819E-7211-42FE-A58C-442EADE609E7}"
EndProject
Project("{9A19103F-16F7-4668-BE54-9A1E7A4F7556}") = "WorkingWithSomeIntegers", "WorkingWithSomeIntegers\WorkingWithSomeIntegers.csproj", "{5A95F8BF-EB57-4D66-B119-04046AAEA97B}"
EndProject
Project("{9A19103F-16F7-4668-BE54-9A1E7A4F7556}") = "WorkingWithSomeLetters", "WorkingWithSomeLetters\WorkingWithSomeLetters.csproj", "{16B8090C-4586-4271-99CA-156568F47921}"
EndProject
Project("{2150E333-8FDC-42A3-9474-1A3956D46DE8}") = "Week6", "Week6", "{F4FAB772-0C7B-4FA9-8F0B-4B2F938E0F7A}"
EndProject
Project("{FAE04EC0-301F-11D3-BF4B-00C04F79EFBC}") = "StudentsSmiley", "StudentsSmiley\StudentsSmiley.csproj", "{52935F21-A67C-4353-A993-6BDF2529B4A9}"
EndProject
Global
	GlobalSection(SolutionConfigurationPlatforms) = preSolution
		Debug|Any CPU = Debug|Any CPU
		Release|Any CPU = Release|Any CPU
	EndGlobalSection
	GlobalSection(ProjectConfigurationPlatforms) = postSolution
		{F4BBD17C-8B4A-4759-ADC9-FCD97856F929}.Debug|Any CPU.ActiveCfg = Debug|Any CPU
		{F4BBD17C-8B4A-4759-ADC9-FCD97856F929}.Debug|Any CPU.Build.0 = Debug|Any CPU
		{F4BBD17C-8B4A-4759-ADC9-FCD97856F929}.Release|Any CPU.ActiveCfg = Release|Any CPU
		{F4BBD17C-8B4A-4759-ADC9-FCD97856F929}.Release|Any CPU.Build.0 = Release|Any CPU
		{5BEFFE5C-680C-4674-9E57-C74E848576FE}.Debug|Any CPU.ActiveCfg = Debug|Any CPU
		{5BEFFE5C-680C-4674-9E57-C74E848576FE}.Debug|Any CPU.Build.0 = Debug|Any CPU
		{5BEFFE5C-680C-4674-9E57-C74E848576FE}.Release|Any CPU.ActiveCfg = Release|Any CPU
		{5BEFFE5C-680C-4674-9E57-C74E848576FE}.Release|Any CPU.Build.0 = Release|Any CPU
		{96732B92-6A15-472D-896C-F95225C53838}.Debug|Any CPU.ActiveCfg = Debug|Any CPU
		{96732B92-6A15-472D-896C-F95225C53838}.Debug|Any CPU.Build.0 = Debug|Any CPU
		{96732B92-6A15-472D-896C-F95225C53838}.Release|Any CPU.ActiveCfg = Release|Any CPU
		{96732B92-6A15-472D-896C-F95225C53838}.Release|Any CPU.Build.0 = Release|Any CPU
		{153AF265-5639-4460-B4A8-97F52B93336E}.Debug|Any CPU.ActiveCfg = Debug|Any CPU
		{153AF265-5639-4460-B4A8-97F52B93336E}.Debug|Any CPU.Build.0 = Debug|Any CPU
		{153AF265-5639-4460-B4A8-97F52B93336E}.Release|Any CPU.ActiveCfg = Release|Any CPU
		{153AF265-5639-4460-B4A8-97F52B93336E}.Release|Any CPU.Build.0 = Release|Any CPU
		{4BF6FD5F-14CA-442A-B241-0EC826FB9192}.Debug|Any CPU.ActiveCfg = Debug|Any CPU
		{4BF6FD5F-14CA-442A-B241-0EC826FB9192}.Debug|Any CPU.Build.0 = Debug|Any CPU
		{4BF6FD5F-14CA-442A-B241-0EC826FB9192}.Release|Any CPU.ActiveCfg = Release|Any CPU
		{4BF6FD5F-14CA-442A-B241-0EC826FB9192}.Release|Any CPU.Build.0 = Release|Any CPU
		{E832FCC8-CCE5-415E-B6A7-E34DF50EFEE3}.Debug|Any CPU.ActiveCfg = Debug|Any CPU
		{E832FCC8-CCE5-415E-B6A7-E34DF50EFEE3}.Debug|Any CPU.Build.0 = Debug|Any CPU
		{E832FCC8-CCE5-415E-B6A7-E34DF50EFEE3}.Release|Any CPU.ActiveCfg = Release|Any CPU
		{E832FCC8-CCE5-415E-B6A7-E34DF50EFEE3}.Release|Any CPU.Build.0 = Release|Any CPU
		{98873290-ACA2-4DE2-8D48-FCF2E9C5F4FD}.Debug|Any CPU.ActiveCfg = Debug|Any CPU
		{98873290-ACA2-4DE2-8D48-FCF2E9C5F4FD}.Debug|Any CPU.Build.0 = Debug|Any CPU
		{98873290-ACA2-4DE2-8D48-FCF2E9C5F4FD}.Release|Any CPU.ActiveCfg = Release|Any CPU
		{98873290-ACA2-4DE2-8D48-FCF2E9C5F4FD}.Release|Any CPU.Build.0 = Release|Any CPU
		{7E23CABD-CF6B-48BA-9B2C-8158652FE308}.Debug|Any CPU.ActiveCfg = Debug|Any CPU
		{7E23CABD-CF6B-48BA-9B2C-8158652FE308}.Debug|Any CPU.Build.0 = Debug|Any CPU
		{7E23CABD-CF6B-48BA-9B2C-8158652FE308}.Release|Any CPU.ActiveCfg = Release|Any CPU
		{7E23CABD-CF6B-48BA-9B2C-8158652FE308}.Release|Any CPU.Build.0 = Release|Any CPU
		{E722626B-0221-4D74-A3D7-48B502E8E69E}.Debug|Any CPU.ActiveCfg = Debug|Any CPU
		{E722626B-0221-4D74-A3D7-48B502E8E69E}.Debug|Any CPU.Build.0 = Debug|Any CPU
		{E722626B-0221-4D74-A3D7-48B502E8E69E}.Release|Any CPU.ActiveCfg = Release|Any CPU
		{E722626B-0221-4D74-A3D7-48B502E8E69E}.Release|Any CPU.Build.0 = Release|Any CPU
		{BB57F37B-6B33-42D4-9FAD-6B39A934C446}.Debug|Any CPU.ActiveCfg = Debug|Any CPU
		{BB57F37B-6B33-42D4-9FAD-6B39A934C446}.Debug|Any CPU.Build.0 = Debug|Any CPU
		{BB57F37B-6B33-42D4-9FAD-6B39A934C446}.Release|Any CPU.ActiveCfg = Release|Any CPU
		{BB57F37B-6B33-42D4-9FAD-6B39A934C446}.Release|Any CPU.Build.0 = Release|Any CPU
		{5A95F8BF-EB57-4D66-B119-04046AAEA97B}.Debug|Any CPU.ActiveCfg = Debug|Any CPU
		{5A95F8BF-EB57-4D66-B119-04046AAEA97B}.Debug|Any CPU.Build.0 = Debug|Any CPU
		{5A95F8BF-EB57-4D66-B119-04046AAEA97B}.Release|Any CPU.ActiveCfg = Release|Any CPU
		{5A95F8BF-EB57-4D66-B119-04046AAEA97B}.Release|Any CPU.Build.0 = Release|Any CPU
		{16B8090C-4586-4271-99CA-156568F47921}.Debug|Any CPU.ActiveCfg = Debug|Any CPU
		{16B8090C-4586-4271-99CA-156568F47921}.Debug|Any CPU.Build.0 = Debug|Any CPU
		{16B8090C-4586-4271-99CA-156568F47921}.Release|Any CPU.ActiveCfg = Release|Any CPU
		{16B8090C-4586-4271-99CA-156568F47921}.Release|Any CPU.Build.0 = Release|Any CPU
		{52935F21-A67C-4353-A993-6BDF2529B4A9}.Debug|Any CPU.ActiveCfg = Debug|Any CPU
		{52935F21-A67C-4353-A993-6BDF2529B4A9}.Debug|Any CPU.Build.0 = Debug|Any CPU
		{52935F21-A67C-4353-A993-6BDF2529B4A9}.Release|Any CPU.ActiveCfg = Release|Any CPU
		{52935F21-A67C-4353-A993-6BDF2529B4A9}.Release|Any CPU.Build.0 = Release|Any CPU
	EndGlobalSection
	GlobalSection(SolutionProperties) = preSolution
		HideSolutionNode = FALSE
	EndGlobalSection
	GlobalSection(NestedProjects) = preSolution
		{F4BBD17C-8B4A-4759-ADC9-FCD97856F929} = {006400C8-EEF7-40BF-93F9-FF41DDE982BC}
		{5BEFFE5C-680C-4674-9E57-C74E848576FE} = {006400C8-EEF7-40BF-93F9-FF41DDE982BC}
		{96732B92-6A15-472D-896C-F95225C53838} = {006400C8-EEF7-40BF-93F9-FF41DDE982BC}
		{153AF265-5639-4460-B4A8-97F52B93336E} = {6AB84B9A-40BD-40D6-9133-61D5D5446771}
		{4BF6FD5F-14CA-442A-B241-0EC826FB9192} = {6AB84B9A-40BD-40D6-9133-61D5D5446771}
		{E832FCC8-CCE5-415E-B6A7-E34DF50EFEE3} = {6AB84B9A-40BD-40D6-9133-61D5D5446771}
		{98873290-ACA2-4DE2-8D48-FCF2E9C5F4FD} = {6AB84B9A-40BD-40D6-9133-61D5D5446771}
		{7E23CABD-CF6B-48BA-9B2C-8158652FE308} = {5E4E110A-9A1D-4AAF-94EA-6531E859E967}
		{E722626B-0221-4D74-A3D7-48B502E8E69E} = {5E4E110A-9A1D-4AAF-94EA-6531E859E967}
		{BB57F37B-6B33-42D4-9FAD-6B39A934C446} = {5E4E110A-9A1D-4AAF-94EA-6531E859E967}
		{5A95F8BF-EB57-4D66-B119-04046AAEA97B} = {5ED4819E-7211-42FE-A58C-442EADE609E7}
		{16B8090C-4586-4271-99CA-156568F47921} = {5ED4819E-7211-42FE-A58C-442EADE609E7}
		{52935F21-A67C-4353-A993-6BDF2529B4A9} = {F4FAB772-0C7B-4FA9-8F0B-4B2F938E0F7A}
	EndGlobalSection
	GlobalSection(ExtensibilityGlobals) = postSolution
		SolutionGuid = {12D1FDB1-2C43-4C61-8590-9520EDFE57A3}
	EndGlobalSection
EndGlobal
